
Microsoft Visual Studio Solution File, Format Version 12.00
# Visual Studio Version 16
VisualStudioVersion = 16.0.31321.278
MinimumVisualStudioVersion = 10.0.40219.1
Project("{FAE04EC0-301F-11D3-BF4B-00C04F79EFBC}") = "Entidades", "Entidades\Entidades.csproj", "{345DE3DF-3399-4C8F-B40F-172F3EF6355E}"
EndProject
Project("{FAE04EC0-301F-11D3-BF4B-00C04F79EFBC}") = "Datos", "Datos\Datos.csproj", "{3ADE017E-FBB1-45DE-B1E3-3B15FE038053}"
EndProject
Project("{FAE04EC0-301F-11D3-BF4B-00C04F79EFBC}") = "WebTransportes", "WebTransportes\WebTransportes.csproj", "{2E6816F8-EB60-4F47-A729-FA63F1F19626}"
EndProject
Global
	GlobalSection(SolutionConfigurationPlatforms) = preSolution
		Debug|Any CPU = Debug|Any CPU
		Release|Any CPU = Release|Any CPU
	EndGlobalSection
	GlobalSection(ProjectConfigurationPlatforms) = postSolution
		{345DE3DF-3399-4C8F-B40F-172F3EF6355E}.Debug|Any CPU.ActiveCfg = Debug|Any CPU
		{345DE3DF-3399-4C8F-B40F-172F3EF6355E}.Debug|Any CPU.Build.0 = Debug|Any CPU
		{345DE3DF-3399-4C8F-B40F-172F3EF6355E}.Release|Any CPU.ActiveCfg = Release|Any CPU
		{345DE3DF-3399-4C8F-B40F-172F3EF6355E}.Release|Any CPU.Build.0 = Release|Any CPU
		{3ADE017E-FBB1-45DE-B1E3-3B15FE038053}.Debug|Any CPU.ActiveCfg = Debug|Any CPU
		{3ADE017E-FBB1-45DE-B1E3-3B15FE038053}.Debug|Any CPU.Build.0 = Debug|Any CPU
		{3ADE017E-FBB1-45DE-B1E3-3B15FE038053}.Release|Any CPU.ActiveCfg = Release|Any CPU
		{3ADE017E-FBB1-45DE-B1E3-3B15FE038053}.Release|Any CPU.Build.0 = Release|Any CPU
		{2E6816F8-EB60-4F47-A729-FA63F1F19626}.Debug|Any CPU.ActiveCfg = Debug|Any CPU
		{2E6816F8-EB60-4F47-A729-FA63F1F19626}.Debug|Any CPU.Build.0 = Debug|Any CPU
		{2E6816F8-EB60-4F47-A729-FA63F1F19626}.Release|Any CPU.ActiveCfg = Release|Any CPU
		{2E6816F8-EB60-4F47-A729-FA63F1F19626}.Release|Any CPU.Build.0 = Release|Any CPU
	EndGlobalSection
	GlobalSection(SolutionProperties) = preSolution
		HideSolutionNode = FALSE
	EndGlobalSection
	GlobalSection(ExtensibilityGlobals) = postSolution
		SolutionGuid = {76711592-DB1E-41C8-BA2D-59DAA059455D}
	EndGlobalSection
EndGlobal
